
Microsoft Visual Studio Solution File, Format Version 12.00
# Visual Studio Version 17
VisualStudioVersion = 17.8.34408.163
MinimumVisualStudioVersion = 10.0.40219.1
Project("{FAE04EC0-301F-11D3-BF4B-00C04F79EFBC}") = "Mission5-Sheffield", "Mission5-Sheffield\Mission5-Sheffield.csproj", "{D1A8B928-E599-455F-B577-5790B1AF046E}"
EndProject
Global
	GlobalSection(SolutionConfigurationPlatforms) = preSolution
		Debug|Any CPU = Debug|Any CPU
		Release|Any CPU = Release|Any CPU
	EndGlobalSection
	GlobalSection(ProjectConfigurationPlatforms) = postSolution
		{D1A8B928-E599-455F-B577-5790B1AF046E}.Debug|Any CPU.ActiveCfg = Debug|Any CPU
		{D1A8B928-E599-455F-B577-5790B1AF046E}.Debug|Any CPU.Build.0 = Debug|Any CPU
		{D1A8B928-E599-455F-B577-5790B1AF046E}.Release|Any CPU.ActiveCfg = Release|Any CPU
		{D1A8B928-E599-455F-B577-5790B1AF046E}.Release|Any CPU.Build.0 = Release|Any CPU
	EndGlobalSection
	GlobalSection(SolutionProperties) = preSolution
		HideSolutionNode = FALSE
	EndGlobalSection
	GlobalSection(ExtensibilityGlobals) = postSolution
		SolutionGuid = {7A81B3C7-3B60-4688-BF29-E254DB104636}
	EndGlobalSection
EndGlobal
